// !$*UTF8*$!
{
	archiveVersion = 1;
	classes = {
	};
	objectVersion = 55;
	objects = {

/* Begin PBXBuildFile section */
		590EFB812805CBE7007076B5 /* main.cpp in Sources */ = {isa = PBXBuildFile; fileRef = 590EFB6D2805CBE6007076B5 /* main.cpp */; };
		590EFB822805CBE7007076B5 /* Singleton.cpp in Sources */ = {isa = PBXBuildFile; fileRef = 590EFB6F2805CBE6007076B5 /* Singleton.cpp */; };
		590EFB832805CBE7007076B5 /* Board.cpp in Sources */ = {isa = PBXBuildFile; fileRef = 590EFB712805CBE6007076B5 /* Board.cpp */; };
		590EFB842805CBE7007076B5 /* Dictionary.cpp in Sources */ = {isa = PBXBuildFile; fileRef = 590EFB722805CBE6007076B5 /* Dictionary.cpp */; };
		590EFB852805CBE7007076B5 /* Score.cpp in Sources */ = {isa = PBXBuildFile; fileRef = 590EFB742805CBE6007076B5 /* Score.cpp */; };
		590EFB862805CBE7007076B5 /* Piece.cpp in Sources */ = {isa = PBXBuildFile; fileRef = 590EFB782805CBE6007076B5 /* Piece.cpp */; };
		590EFB872805CBE7007076B5 /* Move.cpp in Sources */ = {isa = PBXBuildFile; fileRef = 590EFB792805CBE6007076B5 /* Move.cpp */; };
		590EFB882805CBE7007076B5 /* DictionarySegment.cpp in Sources */ = {isa = PBXBuildFile; fileRef = 590EFB7A2805CBE6007076B5 /* DictionarySegment.cpp */; };
		590EFB892805CBE7007076B5 /* Random.cpp in Sources */ = {isa = PBXBuildFile; fileRef = 590EFB7B2805CBE6007076B5 /* Random.cpp */; };
		590EFB8A2805CBE7007076B5 /* Wordle.cpp in Sources */ = {isa = PBXBuildFile; fileRef = 590EFB7E2805CBE7007076B5 /* Wordle.cpp */; };
/* End PBXBuildFile section */

/* Begin PBXCopyFilesBuildPhase section */
		590EFB612805CBA9007076B5 /* CopyFiles */ = {
			isa = PBXCopyFilesBuildPhase;
			buildActionMask = 2147483647;
			dstPath = /usr/share/man/man1/;
			dstSubfolderSpec = 0;
			files = (
			);
			runOnlyForDeploymentPostprocessing = 1;
		};
/* End PBXCopyFilesBuildPhase section */

/* Begin PBXFileReference section */
		590EFB632805CBA9007076B5 /* Wordle */ = {isa = PBXFileReference; explicitFileType = "compiled.mach-o.executable"; includeInIndex = 0; path = Wordle; sourceTree = BUILT_PRODUCTS_DIR; };
		590EFB6D2805CBE6007076B5 /* main.cpp */ = {isa = PBXFileReference; fileEncoding = 4; lastKnownFileType = sourcecode.cpp.cpp; path = main.cpp; sourceTree = "<group>"; };
		590EFB6E2805CBE6007076B5 /* Random.h */ = {isa = PBXFileReference; fileEncoding = 4; lastKnownFileType = sourcecode.c.h; path = Random.h; sourceTree = "<group>"; };
		590EFB6F2805CBE6007076B5 /* Singleton.cpp */ = {isa = PBXFileReference; fileEncoding = 4; lastKnownFileType = sourcecode.cpp.cpp; path = Singleton.cpp; sourceTree = "<group>"; };
		590EFB702805CBE6007076B5 /* Singleton.h */ = {isa = PBXFileReference; fileEncoding = 4; lastKnownFileType = sourcecode.c.h; path = Singleton.h; sourceTree = "<group>"; };
		590EFB712805CBE6007076B5 /* Board.cpp */ = {isa = PBXFileReference; fileEncoding = 4; lastKnownFileType = sourcecode.cpp.cpp; path = Board.cpp; sourceTree = "<group>"; };
		590EFB722805CBE6007076B5 /* Dictionary.cpp */ = {isa = PBXFileReference; fileEncoding = 4; lastKnownFileType = sourcecode.cpp.cpp; path = Dictionary.cpp; sourceTree = "<group>"; };
		590EFB732805CBE6007076B5 /* Board.h */ = {isa = PBXFileReference; fileEncoding = 4; lastKnownFileType = sourcecode.c.h; path = Board.h; sourceTree = "<group>"; };
		590EFB742805CBE6007076B5 /* Score.cpp */ = {isa = PBXFileReference; fileEncoding = 4; lastKnownFileType = sourcecode.cpp.cpp; path = Score.cpp; sourceTree = "<group>"; };
		590EFB752805CBE6007076B5 /* Wordle.h */ = {isa = PBXFileReference; fileEncoding = 4; lastKnownFileType = sourcecode.c.h; path = Wordle.h; sourceTree = "<group>"; };
		590EFB762805CBE6007076B5 /* Score.h */ = {isa = PBXFileReference; fileEncoding = 4; lastKnownFileType = sourcecode.c.h; path = Score.h; sourceTree = "<group>"; };
		590EFB772805CBE6007076B5 /* DictionarySegment.h */ = {isa = PBXFileReference; fileEncoding = 4; lastKnownFileType = sourcecode.c.h; path = DictionarySegment.h; sourceTree = "<group>"; };
		590EFB782805CBE6007076B5 /* Piece.cpp */ = {isa = PBXFileReference; fileEncoding = 4; lastKnownFileType = sourcecode.cpp.cpp; path = Piece.cpp; sourceTree = "<group>"; };
		590EFB792805CBE6007076B5 /* Move.cpp */ = {isa = PBXFileReference; fileEncoding = 4; lastKnownFileType = sourcecode.cpp.cpp; path = Move.cpp; sourceTree = "<group>"; };
		590EFB7A2805CBE6007076B5 /* DictionarySegment.cpp */ = {isa = PBXFileReference; fileEncoding = 4; lastKnownFileType = sourcecode.cpp.cpp; path = DictionarySegment.cpp; sourceTree = "<group>"; };
		590EFB7B2805CBE6007076B5 /* Random.cpp */ = {isa = PBXFileReference; fileEncoding = 4; lastKnownFileType = sourcecode.cpp.cpp; path = Random.cpp; sourceTree = "<group>"; };
		590EFB7C2805CBE6007076B5 /* Settings.h */ = {isa = PBXFileReference; fileEncoding = 4; lastKnownFileType = sourcecode.c.h; path = Settings.h; sourceTree = "<group>"; };
		590EFB7D2805CBE7007076B5 /* Move.h */ = {isa = PBXFileReference; fileEncoding = 4; lastKnownFileType = sourcecode.c.h; path = Move.h; sourceTree = "<group>"; };
		590EFB7E2805CBE7007076B5 /* Wordle.cpp */ = {isa = PBXFileReference; fileEncoding = 4; lastKnownFileType = sourcecode.cpp.cpp; path = Wordle.cpp; sourceTree = "<group>"; };
		590EFB7F2805CBE7007076B5 /* Piece.h */ = {isa = PBXFileReference; fileEncoding = 4; lastKnownFileType = sourcecode.c.h; path = Piece.h; sourceTree = "<group>"; };
		590EFB802805CBE7007076B5 /* Dictionary.h */ = {isa = PBXFileReference; fileEncoding = 4; lastKnownFileType = sourcecode.c.h; path = Dictionary.h; sourceTree = "<group>"; };
		59E39B512808B18B00A4ABCB /* Enums.h */ = {isa = PBXFileReference; lastKnownFileType = sourcecode.c.h; path = Enums.h; sourceTree = "<group>"; };
/* End PBXFileReference section */

/* Begin PBXFrameworksBuildPhase section */
		590EFB602805CBA9007076B5 /* Frameworks */ = {
			isa = PBXFrameworksBuildPhase;
			buildActionMask = 2147483647;
			files = (
			);
			runOnlyForDeploymentPostprocessing = 0;
		};
/* End PBXFrameworksBuildPhase section */

/* Begin PBXGroup section */
		590EFB5A2805CBA9007076B5 = {
			isa = PBXGroup;
			children = (
				590EFB652805CBA9007076B5 /* Wordle */,
				590EFB642805CBA9007076B5 /* Products */,
			);
			sourceTree = "<group>";
		};
		590EFB642805CBA9007076B5 /* Products */ = {
			isa = PBXGroup;
			children = (
				590EFB632805CBA9007076B5 /* Wordle */,
			);
			name = Products;
			sourceTree = "<group>";
		};
		590EFB652805CBA9007076B5 /* Wordle */ = {
			isa = PBXGroup;
			children = (
				590EFB6D2805CBE6007076B5 /* main.cpp */,
				590EFB712805CBE6007076B5 /* Board.cpp */,
				590EFB732805CBE6007076B5 /* Board.h */,
				590EFB722805CBE6007076B5 /* Dictionary.cpp */,
				590EFB802805CBE7007076B5 /* Dictionary.h */,
				590EFB7A2805CBE6007076B5 /* DictionarySegment.cpp */,
				590EFB772805CBE6007076B5 /* DictionarySegment.h */,
				590EFB7E2805CBE7007076B5 /* Wordle.cpp */,
				590EFB752805CBE6007076B5 /* Wordle.h */,
				590EFB792805CBE6007076B5 /* Move.cpp */,
				590EFB7D2805CBE7007076B5 /* Move.h */,
				590EFB782805CBE6007076B5 /* Piece.cpp */,
				590EFB7F2805CBE7007076B5 /* Piece.h */,
				590EFB7B2805CBE6007076B5 /* Random.cpp */,
				590EFB6E2805CBE6007076B5 /* Random.h */,
				590EFB742805CBE6007076B5 /* Score.cpp */,
				590EFB762805CBE6007076B5 /* Score.h */,
				590EFB6F2805CBE6007076B5 /* Singleton.cpp */,
				590EFB702805CBE6007076B5 /* Singleton.h */,
				59E39B512808B18B00A4ABCB /* Enums.h */,
				590EFB7C2805CBE6007076B5 /* Settings.h */,
			);
			path = Wordle;
			sourceTree = "<group>";
		};
/* End PBXGroup section */

/* Begin PBXNativeTarget section */
		590EFB622805CBA9007076B5 /* Wordle */ = {
			isa = PBXNativeTarget;
			buildConfigurationList = 590EFB6A2805CBA9007076B5 /* Build configuration list for PBXNativeTarget "Wordle" */;
			buildPhases = (
				590EFB5F2805CBA9007076B5 /* Sources */,
				590EFB602805CBA9007076B5 /* Frameworks */,
				590EFB612805CBA9007076B5 /* CopyFiles */,
			);
			buildRules = (
			);
			dependencies = (
			);
			name = Wordle;
			productName = Wordle;
			productReference = 590EFB632805CBA9007076B5 /* Wordle */;
			productType = "com.apple.product-type.tool";
		};
/* End PBXNativeTarget section */

/* Begin PBXProject section */
		590EFB5B2805CBA9007076B5 /* Project object */ = {
			isa = PBXProject;
			attributes = {
				BuildIndependentTargetsInParallel = 1;
				LastUpgradeCheck = 1340;
				TargetAttributes = {
					590EFB622805CBA9007076B5 = {
						CreatedOnToolsVersion = 13.3;
					};
				};
			};
			buildConfigurationList = 590EFB5E2805CBA9007076B5 /* Build configuration list for PBXProject "Wordle" */;
			compatibilityVersion = "Xcode 13.0";
			developmentRegion = en;
			hasScannedForEncodings = 0;
			knownRegions = (
				en,
				Base,
			);
			mainGroup = 590EFB5A2805CBA9007076B5;
			productRefGroup = 590EFB642805CBA9007076B5 /* Products */;
			projectDirPath = "";
			projectRoot = "";
			targets = (
				590EFB622805CBA9007076B5 /* Wordle */,
			);
		};
/* End PBXProject section */

/* Begin PBXSourcesBuildPhase section */
		590EFB5F2805CBA9007076B5 /* Sources */ = {
			isa = PBXSourcesBuildPhase;
			buildActionMask = 2147483647;
			files = (
				590EFB862805CBE7007076B5 /* Piece.cpp in Sources */,
				590EFB872805CBE7007076B5 /* Move.cpp in Sources */,
				590EFB832805CBE7007076B5 /* Board.cpp in Sources */,
				590EFB892805CBE7007076B5 /* Random.cpp in Sources */,
				590EFB842805CBE7007076B5 /* Dictionary.cpp in Sources */,
				590EFB812805CBE7007076B5 /* main.cpp in Sources */,
				590EFB852805CBE7007076B5 /* Score.cpp in Sources */,
				590EFB8A2805CBE7007076B5 /* Wordle.cpp in Sources */,
				590EFB822805CBE7007076B5 /* Singleton.cpp in Sources */,
				590EFB882805CBE7007076B5 /* DictionarySegment.cpp in Sources */,
			);
			runOnlyForDeploymentPostprocessing = 0;
		};
/* End PBXSourcesBuildPhase section */

/* Begin XCBuildConfiguration section */
		590EFB682805CBA9007076B5 /* Debug */ = {
			isa = XCBuildConfiguration;
			buildSettings = {
				ALWAYS_SEARCH_USER_PATHS = NO;
				CLANG_ANALYZER_NONNULL = YES;
				CLANG_ANALYZER_NUMBER_OBJECT_CONVERSION = YES_AGGRESSIVE;
				CLANG_CXX_LANGUAGE_STANDARD = "gnu++17";
				CLANG_ENABLE_MODULES = YES;
				CLANG_ENABLE_OBJC_ARC = YES;
				CLANG_ENABLE_OBJC_WEAK = YES;
				CLANG_WARN_BLOCK_CAPTURE_AUTORELEASING = YES;
				CLANG_WARN_BOOL_CONVERSION = YES;
				CLANG_WARN_COMMA = YES;
				CLANG_WARN_CONSTANT_CONVERSION = YES;
				CLANG_WARN_DEPRECATED_OBJC_IMPLEMENTATIONS = YES;
				CLANG_WARN_DIRECT_OBJC_ISA_USAGE = YES_ERROR;
				CLANG_WARN_DOCUMENTATION_COMMENTS = YES;
				CLANG_WARN_EMPTY_BODY = YES;
				CLANG_WARN_ENUM_CONVERSION = YES;
				CLANG_WARN_INFINITE_RECURSION = YES;
				CLANG_WARN_INT_CONVERSION = YES;
				CLANG_WARN_NON_LITERAL_NULL_CONVERSION = YES;
				CLANG_WARN_OBJC_IMPLICIT_RETAIN_SELF = YES;
				CLANG_WARN_OBJC_LITERAL_CONVERSION = YES;
				CLANG_WARN_OBJC_ROOT_CLASS = YES_ERROR;
				CLANG_WARN_QUOTED_INCLUDE_IN_FRAMEWORK_HEADER = YES;
				CLANG_WARN_RANGE_LOOP_ANALYSIS = YES;
				CLANG_WARN_STRICT_PROTOTYPES = YES;
				CLANG_WARN_SUSPICIOUS_MOVE = YES;
				CLANG_WARN_UNGUARDED_AVAILABILITY = YES_AGGRESSIVE;
				CLANG_WARN_UNREACHABLE_CODE = YES;
				CLANG_WARN__DUPLICATE_METHOD_MATCH = YES;
				COPY_PHASE_STRIP = NO;
				DEBUG_INFORMATION_FORMAT = dwarf;
				ENABLE_STRICT_OBJC_MSGSEND = YES;
				ENABLE_TESTABILITY = YES;
				GCC_C_LANGUAGE_STANDARD = gnu11;
				GCC_DYNAMIC_NO_PIC = NO;
				GCC_NO_COMMON_BLOCKS = YES;
				GCC_OPTIMIZATION_LEVEL = 0;
				GCC_PREPROCESSOR_DEFINITIONS = (
					"DEBUG=1",
					"$(inherited)",
				);
				GCC_WARN_64_TO_32_BIT_CONVERSION = YES;
				GCC_WARN_ABOUT_RETURN_TYPE = YES_ERROR;
				GCC_WARN_UNDECLARED_SELECTOR = YES;
				GCC_WARN_UNINITIALIZED_AUTOS = YES_AGGRESSIVE;
				GCC_WARN_UNUSED_FUNCTION = YES;
				GCC_WARN_UNUSED_VARIABLE = YES;
				MACOSX_DEPLOYMENT_TARGET = 12.3;
				MTL_ENABLE_DEBUG_INFO = INCLUDE_SOURCE;
				MTL_FAST_MATH = YES;
				ONLY_ACTIVE_ARCH = YES;
				SDKROOT = macosx;
			};
			name = Debug;
		};
		590EFB692805CBA9007076B5 /* Release */ = {
			isa = XCBuildConfiguration;
			buildSettings = {
				ALWAYS_SEARCH_USER_PATHS = NO;
				CLANG_ANALYZER_NONNULL = YES;
				CLANG_ANALYZER_NUMBER_OBJECT_CONVERSION = YES_AGGRESSIVE;
				CLANG_CXX_LANGUAGE_STANDARD = "gnu++17";
				CLANG_ENABLE_MODULES = YES;
				CLANG_ENABLE_OBJC_ARC = YES;
				CLANG_ENABLE_OBJC_WEAK = YES;
				CLANG_WARN_BLOCK_CAPTURE_AUTORELEASING = YES;
				CLANG_WARN_BOOL_CONVERSION = YES;
				CLANG_WARN_COMMA = YES;
				CLANG_WARN_CONSTANT_CONVERSION = YES;
				CLANG_WARN_DEPRECATED_OBJC_IMPLEMENTATIONS = YES;
				CLANG_WARN_DIRECT_OBJC_ISA_USAGE = YES_ERROR;
				CLANG_WARN_DOCUMENTATION_COMMENTS = YES;
				CLANG_WARN_EMPTY_BODY = YES;
				CLANG_WARN_ENUM_CONVERSION = YES;
				CLANG_WARN_INFINITE_RECURSION = YES;
				CLANG_WARN_INT_CONVERSION = YES;
				CLANG_WARN_NON_LITERAL_NULL_CONVERSION = YES;
				CLANG_WARN_OBJC_IMPLICIT_RETAIN_SELF = YES;
				CLANG_WARN_OBJC_LITERAL_CONVERSION = YES;
				CLANG_WARN_OBJC_ROOT_CLASS = YES_ERROR;
				CLANG_WARN_QUOTED_INCLUDE_IN_FRAMEWORK_HEADER = YES;
				CLANG_WARN_RANGE_LOOP_ANALYSIS = YES;
				CLANG_WARN_STRICT_PROTOTYPES = YES;
				CLANG_WARN_SUSPICIOUS_MOVE = YES;
				CLANG_WARN_UNGUARDED_AVAILABILITY = YES_AGGRESSIVE;
				CLANG_WARN_UNREACHABLE_CODE = YES;
				CLANG_WARN__DUPLICATE_METHOD_MATCH = YES;
				COPY_PHASE_STRIP = NO;
				DEBUG_INFORMATION_FORMAT = "dwarf-with-dsym";
				ENABLE_NS_ASSERTIONS = NO;
				ENABLE_STRICT_OBJC_MSGSEND = YES;
				GCC_C_LANGUAGE_STANDARD = gnu11;
				GCC_NO_COMMON_BLOCKS = YES;
				GCC_WARN_64_TO_32_BIT_CONVERSION = YES;
				GCC_WARN_ABOUT_RETURN_TYPE = YES_ERROR;
				GCC_WARN_UNDECLARED_SELECTOR = YES;
				GCC_WARN_UNINITIALIZED_AUTOS = YES_AGGRESSIVE;
				GCC_WARN_UNUSED_FUNCTION = YES;
				GCC_WARN_UNUSED_VARIABLE = YES;
				MACOSX_DEPLOYMENT_TARGET = 12.3;
				MTL_ENABLE_DEBUG_INFO = NO;
				MTL_FAST_MATH = YES;
				SDKROOT = macosx;
			};
			name = Release;
		};
		590EFB6B2805CBA9007076B5 /* Debug */ = {
			isa = XCBuildConfiguration;
			buildSettings = {
				CODE_SIGN_IDENTITY = "-";
				CODE_SIGN_STYLE = Automatic;
				PRODUCT_NAME = "$(TARGET_NAME)";
			};
			name = Debug;
		};
		590EFB6C2805CBA9007076B5 /* Release */ = {
			isa = XCBuildConfiguration;
			buildSettings = {
				CODE_SIGN_IDENTITY = "-";
				CODE_SIGN_STYLE = Automatic;
				PRODUCT_NAME = "$(TARGET_NAME)";
			};
			name = Release;
		};
/* End XCBuildConfiguration section */

/* Begin XCConfigurationList section */
		590EFB5E2805CBA9007076B5 /* Build configuration list for PBXProject "Wordle" */ = {
			isa = XCConfigurationList;
			buildConfigurations = (
				590EFB682805CBA9007076B5 /* Debug */,
				590EFB692805CBA9007076B5 /* Release */,
			);
			defaultConfigurationIsVisible = 0;
			defaultConfigurationName = Release;
		};
		590EFB6A2805CBA9007076B5 /* Build configuration list for PBXNativeTarget "Wordle" */ = {
			isa = XCConfigurationList;
			buildConfigurations = (
				590EFB6B2805CBA9007076B5 /* Debug */,
				590EFB6C2805CBA9007076B5 /* Release */,
			);
			defaultConfigurationIsVisible = 0;
			defaultConfigurationName = Release;
		};
/* End XCConfigurationList section */
	};
	rootObject = 590EFB5B2805CBA9007076B5 /* Project object */;
}
